
Microsoft Visual Studio Solution File, Format Version 12.00
# Visual Studio Version 16
VisualStudioVersion = 16.0.31729.503
MinimumVisualStudioVersion = 10.0.40219.1
Project("{FAE04EC0-301F-11D3-BF4B-00C04F79EFBC}") = "LeetCode-Valid_Paretheses", "LeetCode-Valid_Paretheses\LeetCode-Valid_Paretheses.csproj", "{BCC9CEB2-965A-494D-969C-D987DE7F2F94}"
EndProject
Global
	GlobalSection(SolutionConfigurationPlatforms) = preSolution
		Debug|Any CPU = Debug|Any CPU
		Release|Any CPU = Release|Any CPU
	EndGlobalSection
	GlobalSection(ProjectConfigurationPlatforms) = postSolution
		{BCC9CEB2-965A-494D-969C-D987DE7F2F94}.Debug|Any CPU.ActiveCfg = Debug|Any CPU
		{BCC9CEB2-965A-494D-969C-D987DE7F2F94}.Debug|Any CPU.Build.0 = Debug|Any CPU
		{BCC9CEB2-965A-494D-969C-D987DE7F2F94}.Release|Any CPU.ActiveCfg = Release|Any CPU
		{BCC9CEB2-965A-494D-969C-D987DE7F2F94}.Release|Any CPU.Build.0 = Release|Any CPU
	EndGlobalSection
	GlobalSection(SolutionProperties) = preSolution
		HideSolutionNode = FALSE
	EndGlobalSection
	GlobalSection(ExtensibilityGlobals) = postSolution
		SolutionGuid = {306B5CB5-3AF1-4FF5-A9EC-897DFD517C3D}
	EndGlobalSection
EndGlobal
